{
  "object": {
    "pins": [
      {
        "package": "Nimble",
        "repositoryURL": "https://github.com/Quick/Nimble.git",
        "state": {
          "branch": "master",
          "revision": "0246eba5b06cfe5ef0b6f7ed846c39d7a8bbdd89",
          "version": null
        }
      },
      {
        "package": "Quick",
        "repositoryURL": "https://github.com/sunshinejr/Quick.git",
        "state": {
          "branch": null,
          "revision": "abd88afe40a38b7900af02df98417c867bad6671",
          "version": null
        }
      }
    ]
  },
  "version": 1
}
