{
  "object": {
    "pins": [
      {
        "package": "Nimble",
        "repositoryURL": "https://github.com/Quick/Nimble.git",
        "state": {
          "branch": "master",
          "revision": "0246eba5b06cfe5ef0b6f7ed846c39d7a8bbdd89",
          "version": null
        }
      },
      {
        "package": "Quick",
        "repositoryURL": "https://github.com/Quick/Quick.git",
        "state": {
          "branch": "master",
          "revision": "f78b7399ac5c42ad81739b8b55464f649bf101a3",
          "version": null
        }
      }
    ]
  },
  "version": 1
}
